
Microsoft Visual Studio Solution File, Format Version 12.00
# Visual Studio Version 17
VisualStudioVersion = 17.11.35222.181
MinimumVisualStudioVersion = 10.0.40219.1
Project("{FAE04EC0-301F-11D3-BF4B-00C04F79EFBC}") = "GoluWebApp.Server", "GoluWebApp.Server\GoluWebApp.Server.csproj", "{FD335805-911D-4D72-961E-2421047675CD}"
EndProject
Project("{54A90642-561A-4BB1-A94E-469ADEE60C69}") = "goluwebapp.client", "goluwebapp.client\goluwebapp.client.esproj", "{F556C354-97FF-4BE8-BABC-7043A80C0714}"
EndProject
Global
	GlobalSection(SolutionConfigurationPlatforms) = preSolution
		Debug|Any CPU = Debug|Any CPU
		Release|Any CPU = Release|Any CPU
	EndGlobalSection
	GlobalSection(ProjectConfigurationPlatforms) = postSolution
		{FD335805-911D-4D72-961E-2421047675CD}.Debug|Any CPU.ActiveCfg = Debug|Any CPU
		{FD335805-911D-4D72-961E-2421047675CD}.Debug|Any CPU.Build.0 = Debug|Any CPU
		{FD335805-911D-4D72-961E-2421047675CD}.Release|Any CPU.ActiveCfg = Release|Any CPU
		{FD335805-911D-4D72-961E-2421047675CD}.Release|Any CPU.Build.0 = Release|Any CPU
		{F556C354-97FF-4BE8-BABC-7043A80C0714}.Debug|Any CPU.ActiveCfg = Debug|Any CPU
		{F556C354-97FF-4BE8-BABC-7043A80C0714}.Debug|Any CPU.Build.0 = Debug|Any CPU
		{F556C354-97FF-4BE8-BABC-7043A80C0714}.Debug|Any CPU.Deploy.0 = Debug|Any CPU
		{F556C354-97FF-4BE8-BABC-7043A80C0714}.Release|Any CPU.ActiveCfg = Release|Any CPU
		{F556C354-97FF-4BE8-BABC-7043A80C0714}.Release|Any CPU.Build.0 = Release|Any CPU
		{F556C354-97FF-4BE8-BABC-7043A80C0714}.Release|Any CPU.Deploy.0 = Release|Any CPU
	EndGlobalSection
	GlobalSection(SolutionProperties) = preSolution
		HideSolutionNode = FALSE
	EndGlobalSection
	GlobalSection(ExtensibilityGlobals) = postSolution
		SolutionGuid = {C276E8A9-F55C-4A82-8C6D-ED792583F623}
	EndGlobalSection
EndGlobal
